
Microsoft Visual Studio Solution File, Format Version 12.00
# Visual Studio Version 16
VisualStudioVersion = 16.0.29209.62
MinimumVisualStudioVersion = 15.0.26124.0
Project("{FAE04EC0-301F-11D3-BF4B-00C04F79EFBC}") = "Ensure", "src\Ensure\Ensure.csproj", "{F7523E0E-B9B7-4CC5-A2BB-706D0E3B3E09}"
EndProject
Project("{FAE04EC0-301F-11D3-BF4B-00C04F79EFBC}") = "Ensure.Tests", "tests\Ensure.Tests\Ensure.Tests.csproj", "{B0EB9EF4-2689-4E8D-9A5D-BA429A1E907B}"
EndProject
Global
	GlobalSection(SolutionConfigurationPlatforms) = preSolution
		Debug|Any CPU = Debug|Any CPU
		Debug|x64 = Debug|x64
		Debug|x86 = Debug|x86
		Release|Any CPU = Release|Any CPU
		Release|x64 = Release|x64
		Release|x86 = Release|x86
	EndGlobalSection
	GlobalSection(ProjectConfigurationPlatforms) = postSolution
		{F7523E0E-B9B7-4CC5-A2BB-706D0E3B3E09}.Debug|Any CPU.ActiveCfg = Debug|Any CPU
		{F7523E0E-B9B7-4CC5-A2BB-706D0E3B3E09}.Debug|Any CPU.Build.0 = Debug|Any CPU
		{F7523E0E-B9B7-4CC5-A2BB-706D0E3B3E09}.Debug|x64.ActiveCfg = Debug|Any CPU
		{F7523E0E-B9B7-4CC5-A2BB-706D0E3B3E09}.Debug|x64.Build.0 = Debug|Any CPU
		{F7523E0E-B9B7-4CC5-A2BB-706D0E3B3E09}.Debug|x86.ActiveCfg = Debug|Any CPU
		{F7523E0E-B9B7-4CC5-A2BB-706D0E3B3E09}.Debug|x86.Build.0 = Debug|Any CPU
		{F7523E0E-B9B7-4CC5-A2BB-706D0E3B3E09}.Release|Any CPU.ActiveCfg = Release|Any CPU
		{F7523E0E-B9B7-4CC5-A2BB-706D0E3B3E09}.Release|Any CPU.Build.0 = Release|Any CPU
		{F7523E0E-B9B7-4CC5-A2BB-706D0E3B3E09}.Release|x64.ActiveCfg = Release|Any CPU
		{F7523E0E-B9B7-4CC5-A2BB-706D0E3B3E09}.Release|x64.Build.0 = Release|Any CPU
		{F7523E0E-B9B7-4CC5-A2BB-706D0E3B3E09}.Release|x86.ActiveCfg = Release|Any CPU
		{F7523E0E-B9B7-4CC5-A2BB-706D0E3B3E09}.Release|x86.Build.0 = Release|Any CPU
		{B0EB9EF4-2689-4E8D-9A5D-BA429A1E907B}.Debug|Any CPU.ActiveCfg = Debug|Any CPU
		{B0EB9EF4-2689-4E8D-9A5D-BA429A1E907B}.Debug|Any CPU.Build.0 = Debug|Any CPU
		{B0EB9EF4-2689-4E8D-9A5D-BA429A1E907B}.Debug|x64.ActiveCfg = Debug|Any CPU
		{B0EB9EF4-2689-4E8D-9A5D-BA429A1E907B}.Debug|x64.Build.0 = Debug|Any CPU
		{B0EB9EF4-2689-4E8D-9A5D-BA429A1E907B}.Debug|x86.ActiveCfg = Debug|Any CPU
		{B0EB9EF4-2689-4E8D-9A5D-BA429A1E907B}.Debug|x86.Build.0 = Debug|Any CPU
		{B0EB9EF4-2689-4E8D-9A5D-BA429A1E907B}.Release|Any CPU.ActiveCfg = Release|Any CPU
		{B0EB9EF4-2689-4E8D-9A5D-BA429A1E907B}.Release|Any CPU.Build.0 = Release|Any CPU
		{B0EB9EF4-2689-4E8D-9A5D-BA429A1E907B}.Release|x64.ActiveCfg = Release|Any CPU
		{B0EB9EF4-2689-4E8D-9A5D-BA429A1E907B}.Release|x64.Build.0 = Release|Any CPU
		{B0EB9EF4-2689-4E8D-9A5D-BA429A1E907B}.Release|x86.ActiveCfg = Release|Any CPU
		{B0EB9EF4-2689-4E8D-9A5D-BA429A1E907B}.Release|x86.Build.0 = Release|Any CPU
	EndGlobalSection
	GlobalSection(SolutionProperties) = preSolution
		HideSolutionNode = FALSE
	EndGlobalSection
	GlobalSection(ExtensibilityGlobals) = postSolution
		SolutionGuid = {7FBDF99D-211F-4C2E-8B04-CF9B75B5AA35}
	EndGlobalSection
EndGlobal
